
Microsoft Visual Studio Solution File, Format Version 12.00
# Visual Studio Version 17
VisualStudioVersion = 17.7.34221.43
MinimumVisualStudioVersion = 10.0.40219.1
Project("{9A19103F-16F7-4668-BE54-9A1E7A4F7556}") = "AnalyseTool", "AnalyseTool\AnalyseTool.csproj", "{1306E047-4577-4911-9864-128080703F27}"
EndProject
Global
	GlobalSection(SolutionConfigurationPlatforms) = preSolution
		Debug R20|Any CPU = Debug R20|Any CPU
		Debug R21|Any CPU = Debug R21|Any CPU
		Debug R22|Any CPU = Debug R22|Any CPU
		Debug R23|Any CPU = Debug R23|Any CPU
		Debug R24|Any CPU = Debug R24|Any CPU
		Debug R25|Any CPU = Debug R25|Any CPU
		Release R20|Any CPU = Release R20|Any CPU
		Release R21|Any CPU = Release R21|Any CPU
		Release R22|Any CPU = Release R22|Any CPU
		Release R23|Any CPU = Release R23|Any CPU
		Release R24|Any CPU = Release R24|Any CPU
		Release R25|Any CPU = Release R25|Any CPU
	EndGlobalSection
	GlobalSection(ProjectConfigurationPlatforms) = postSolution
		{1306E047-4577-4911-9864-128080703F27}.Debug R20|Any CPU.ActiveCfg = Debug R20|Any CPU
		{1306E047-4577-4911-9864-128080703F27}.Debug R20|Any CPU.Build.0 = Debug R20|Any CPU
		{1306E047-4577-4911-9864-128080703F27}.Debug R21|Any CPU.ActiveCfg = Debug R21|Any CPU
		{1306E047-4577-4911-9864-128080703F27}.Debug R21|Any CPU.Build.0 = Debug R21|Any CPU
		{1306E047-4577-4911-9864-128080703F27}.Debug R22|Any CPU.ActiveCfg = Debug R22|Any CPU
		{1306E047-4577-4911-9864-128080703F27}.Debug R22|Any CPU.Build.0 = Debug R22|Any CPU
		{1306E047-4577-4911-9864-128080703F27}.Debug R23|Any CPU.ActiveCfg = Debug R23|Any CPU
		{1306E047-4577-4911-9864-128080703F27}.Debug R23|Any CPU.Build.0 = Debug R23|Any CPU
		{1306E047-4577-4911-9864-128080703F27}.Debug R24|Any CPU.ActiveCfg = Debug R24|Any CPU
		{1306E047-4577-4911-9864-128080703F27}.Debug R24|Any CPU.Build.0 = Debug R24|Any CPU
		{1306E047-4577-4911-9864-128080703F27}.Debug R25|Any CPU.ActiveCfg = Debug R25|Any CPU
		{1306E047-4577-4911-9864-128080703F27}.Debug R25|Any CPU.Build.0 = Debug R25|Any CPU
		{1306E047-4577-4911-9864-128080703F27}.Release R20|Any CPU.ActiveCfg = Release R20|Any CPU
		{1306E047-4577-4911-9864-128080703F27}.Release R20|Any CPU.Build.0 = Release R20|Any CPU
		{1306E047-4577-4911-9864-128080703F27}.Release R21|Any CPU.ActiveCfg = Release R21|Any CPU
		{1306E047-4577-4911-9864-128080703F27}.Release R21|Any CPU.Build.0 = Release R21|Any CPU
		{1306E047-4577-4911-9864-128080703F27}.Release R22|Any CPU.ActiveCfg = Release R22|Any CPU
		{1306E047-4577-4911-9864-128080703F27}.Release R22|Any CPU.Build.0 = Release R22|Any CPU
		{1306E047-4577-4911-9864-128080703F27}.Release R23|Any CPU.ActiveCfg = Release R23|Any CPU
		{1306E047-4577-4911-9864-128080703F27}.Release R23|Any CPU.Build.0 = Release R23|Any CPU
		{1306E047-4577-4911-9864-128080703F27}.Release R24|Any CPU.ActiveCfg = Release R24|Any CPU
		{1306E047-4577-4911-9864-128080703F27}.Release R24|Any CPU.Build.0 = Release R24|Any CPU
		{1306E047-4577-4911-9864-128080703F27}.Release R25|Any CPU.ActiveCfg = Release R25|Any CPU
		{1306E047-4577-4911-9864-128080703F27}.Release R25|Any CPU.Build.0 = Release R25|Any CPU
	EndGlobalSection
	GlobalSection(SolutionProperties) = preSolution
		HideSolutionNode = FALSE
	EndGlobalSection
	GlobalSection(ExtensibilityGlobals) = postSolution
		SolutionGuid = {9CF0C768-8334-48D5-993F-23654760619C}
	EndGlobalSection
EndGlobal
