
Microsoft Visual Studio Solution File, Format Version 12.00
# Visual Studio Version 18
VisualStudioVersion = 18.8.12009.203
MinimumVisualStudioVersion = 10.0.40219.1
Project("{9A19103F-16F7-4668-BE54-9A1E7A4F7556}") = "AnalyseTool", "AnalyseTool\AnalyseTool.csproj", "{1306E047-4577-4911-9864-128080703F27}"
EndProject
Project("{FAE04EC0-301F-11D3-BF4B-00C04F79EFBC}") = "Installer", "Installer\Installer.csproj", "{1ED552DC-C81F-B5C2-8CA8-BF8BDC334B01}"
EndProject
Project("{D954291E-2A0B-460D-934E-DC6B0785DB48}") = "SharedData", "SharedData\SharedData.shproj", "{A72D5C2A-EBBC-497A-99A9-63297A30876B}"
EndProject
Project("{9A19103F-16F7-4668-BE54-9A1E7A4F7556}") = "_build", "build\_build.csproj", "{9DFC2C50-AEB9-4324-BC9F-52006BD84037}"
EndProject
Project("{FAE04EC0-301F-11D3-BF4B-00C04F79EFBC}") = "AnalyseTool.Test", "AnalyseTool.Test\AnalyseTool.Test.csproj", "{161C8DD2-A7A4-4262-9959-819F712E88D9}"
EndProject
Project("{54A90642-561A-4BB1-A94E-469ADEE60C69}") = "clientapp", "ClientApp\clientapp.esproj", "{24581855-81DC-CBC5-2066-6239B39AC343}"
EndProject
Project("{FAE04EC0-301F-11D3-BF4B-00C04F79EFBC}") = "AnalyseTool.Launcher", "AnalyseTool.Launcher\AnalyseTool.Launcher.csproj", "{BF8554B4-844E-4FC8-960A-1C156A62A5F1}"
EndProject
Project("{FAE04EC0-301F-11D3-BF4B-00C04F79EFBC}") = "AnalyseTool.Sdk", "AnalyseTool.Sdk\AnalyseTool.Sdk.csproj", "{8F016247-857B-4588-9D94-8B299C8CF83D}"
EndProject
Project("{FAE04EC0-301F-11D3-BF4B-00C04F79EFBC}") = "AnalyseTool.Mcp", "AnalyseTool.Mcp\AnalyseTool.Mcp.csproj", "{09641FFA-119E-40FD-9E8A-B3853ACD31D7}"
EndProject
Project("{FAE04EC0-301F-11D3-BF4B-00C04F79EFBC}") = "AnalyseTool.Core", "AnalyseTool.Core\AnalyseTool.Core.csproj", "{22DC6FFB-A72F-4A65-9AC3-20F8B487DF08}"
EndProject
Project("{2150E333-8FDC-42A3-9474-1A3956D46DE8}") = "Элементы решения", "Элементы решения", "{AE751E58-A355-4CF5-B6A3-630C9AD13B0C}"
	ProjectSection(SolutionItems) = preProject
		Directory.Packages.props = Directory.Packages.props
	EndProjectSection
EndProject
Project("{FAE04EC0-301F-11D3-BF4B-00C04F79EFBC}") = "AnalyseTool.Tools", "AnalyseTool.Tools\AnalyseTool.Tools.csproj", "{0091D5A5-7E59-4FD1-9794-CAACABC71D53}"
EndProject
Global
	GlobalSection(SolutionConfigurationPlatforms) = preSolution
		Debug R25|Any CPU = Debug R25|Any CPU
		Debug R25|x64 = Debug R25|x64
		Debug R25|x86 = Debug R25|x86
		Debug R26|Any CPU = Debug R26|Any CPU
		Debug R26|x64 = Debug R26|x64
		Debug R26|x86 = Debug R26|x86
		Debug R27|Any CPU = Debug R27|Any CPU
		Debug R27|x64 = Debug R27|x64
		Debug R27|x86 = Debug R27|x86
		Debug|Any CPU = Debug|Any CPU
		Debug|x64 = Debug|x64
		Debug|x86 = Debug|x86
		Release R25|Any CPU = Release R25|Any CPU
		Release R25|x64 = Release R25|x64
		Release R25|x86 = Release R25|x86
		Release R26|Any CPU = Release R26|Any CPU
		Release R26|x64 = Release R26|x64
		Release R26|x86 = Release R26|x86
		Release R27|Any CPU = Release R27|Any CPU
		Release R27|x64 = Release R27|x64
		Release R27|x86 = Release R27|x86
		Release|Any CPU = Release|Any CPU
		Release|x64 = Release|x64
		Release|x86 = Release|x86
	EndGlobalSection
	GlobalSection(ProjectConfigurationPlatforms) = postSolution
		{1306E047-4577-4911-9864-128080703F27}.Debug R25|Any CPU.ActiveCfg = Debug R25|Any CPU
		{1306E047-4577-4911-9864-128080703F27}.Debug R25|Any CPU.Build.0 = Debug R25|Any CPU
		{1306E047-4577-4911-9864-128080703F27}.Debug R25|x64.ActiveCfg = Debug R25|Any CPU
		{1306E047-4577-4911-9864-128080703F27}.Debug R25|x64.Build.0 = Debug R25|Any CPU
		{1306E047-4577-4911-9864-128080703F27}.Debug R25|x86.ActiveCfg = Debug R25|Any CPU
		{1306E047-4577-4911-9864-128080703F27}.Debug R25|x86.Build.0 = Debug R25|Any CPU
		{1306E047-4577-4911-9864-128080703F27}.Debug R26|Any CPU.ActiveCfg = Debug R26|Any CPU
		{1306E047-4577-4911-9864-128080703F27}.Debug R26|Any CPU.Build.0 = Debug R26|Any CPU
		{1306E047-4577-4911-9864-128080703F27}.Debug R26|x64.ActiveCfg = Debug R26|Any CPU
		{1306E047-4577-4911-9864-128080703F27}.Debug R26|x64.Build.0 = Debug R26|Any CPU
		{1306E047-4577-4911-9864-128080703F27}.Debug R26|x86.ActiveCfg = Debug R26|Any CPU
		{1306E047-4577-4911-9864-128080703F27}.Debug R26|x86.Build.0 = Debug R26|Any CPU
		{1306E047-4577-4911-9864-128080703F27}.Debug R27|Any CPU.ActiveCfg = Debug R27|Any CPU
		{1306E047-4577-4911-9864-128080703F27}.Debug R27|Any CPU.Build.0 = Debug R27|Any CPU
		{1306E047-4577-4911-9864-128080703F27}.Debug R27|x64.ActiveCfg = Debug R27|Any CPU
		{1306E047-4577-4911-9864-128080703F27}.Debug R27|x64.Build.0 = Debug R27|Any CPU
		{1306E047-4577-4911-9864-128080703F27}.Debug R27|x86.ActiveCfg = Debug R27|Any CPU
		{1306E047-4577-4911-9864-128080703F27}.Debug R27|x86.Build.0 = Debug R27|Any CPU
		{1306E047-4577-4911-9864-128080703F27}.Debug|Any CPU.ActiveCfg = Debug R25|Any CPU
		{1306E047-4577-4911-9864-128080703F27}.Debug|Any CPU.Build.0 = Debug R25|Any CPU
		{1306E047-4577-4911-9864-128080703F27}.Debug|x64.ActiveCfg = Debug|Any CPU
		{1306E047-4577-4911-9864-128080703F27}.Debug|x64.Build.0 = Debug|Any CPU
		{1306E047-4577-4911-9864-128080703F27}.Debug|x86.ActiveCfg = Debug|Any CPU
		{1306E047-4577-4911-9864-128080703F27}.Debug|x86.Build.0 = Debug|Any CPU
		{1306E047-4577-4911-9864-128080703F27}.Release R25|Any CPU.ActiveCfg = Release R25|Any CPU
		{1306E047-4577-4911-9864-128080703F27}.Release R25|Any CPU.Build.0 = Release R25|Any CPU
		{1306E047-4577-4911-9864-128080703F27}.Release R25|x64.ActiveCfg = Release R25|Any CPU
		{1306E047-4577-4911-9864-128080703F27}.Release R25|x64.Build.0 = Release R25|Any CPU
		{1306E047-4577-4911-9864-128080703F27}.Release R25|x86.ActiveCfg = Release R25|Any CPU
		{1306E047-4577-4911-9864-128080703F27}.Release R25|x86.Build.0 = Release R25|Any CPU
		{1306E047-4577-4911-9864-128080703F27}.Release R26|Any CPU.ActiveCfg = Release R26|Any CPU
		{1306E047-4577-4911-9864-128080703F27}.Release R26|Any CPU.Build.0 = Release R26|Any CPU
		{1306E047-4577-4911-9864-128080703F27}.Release R26|x64.ActiveCfg = Release R26|Any CPU
		{1306E047-4577-4911-9864-128080703F27}.Release R26|x64.Build.0 = Release R26|Any CPU
		{1306E047-4577-4911-9864-128080703F27}.Release R26|x86.ActiveCfg = Release R26|Any CPU
		{1306E047-4577-4911-9864-128080703F27}.Release R26|x86.Build.0 = Release R26|Any CPU
		{1306E047-4577-4911-9864-128080703F27}.Release R27|Any CPU.ActiveCfg = Release R27|Any CPU
		{1306E047-4577-4911-9864-128080703F27}.Release R27|Any CPU.Build.0 = Release R27|Any CPU
		{1306E047-4577-4911-9864-128080703F27}.Release R27|x64.ActiveCfg = Release R27|Any CPU
		{1306E047-4577-4911-9864-128080703F27}.Release R27|x64.Build.0 = Release R27|Any CPU
		{1306E047-4577-4911-9864-128080703F27}.Release R27|x86.ActiveCfg = Release R27|Any CPU
		{1306E047-4577-4911-9864-128080703F27}.Release R27|x86.Build.0 = Release R27|Any CPU
		{1306E047-4577-4911-9864-128080703F27}.Release|Any CPU.ActiveCfg = Release R25|Any CPU
		{1306E047-4577-4911-9864-128080703F27}.Release|Any CPU.Build.0 = Release R25|Any CPU
		{1306E047-4577-4911-9864-128080703F27}.Release|x64.ActiveCfg = Release|Any CPU
		{1306E047-4577-4911-9864-128080703F27}.Release|x64.Build.0 = Release|Any CPU
		{1306E047-4577-4911-9864-128080703F27}.Release|x86.ActiveCfg = Release|Any CPU
		{1306E047-4577-4911-9864-128080703F27}.Release|x86.Build.0 = Release|Any CPU
		{1ED552DC-C81F-B5C2-8CA8-BF8BDC334B01}.Debug R25|Any CPU.ActiveCfg = Debug|Any CPU
		{1ED552DC-C81F-B5C2-8CA8-BF8BDC334B01}.Debug R25|x64.ActiveCfg = Debug R25|Any CPU
		{1ED552DC-C81F-B5C2-8CA8-BF8BDC334B01}.Debug R25|x64.Build.0 = Debug R25|Any CPU
		{1ED552DC-C81F-B5C2-8CA8-BF8BDC334B01}.Debug R25|x86.ActiveCfg = Debug R25|Any CPU
		{1ED552DC-C81F-B5C2-8CA8-BF8BDC334B01}.Debug R25|x86.Build.0 = Debug R25|Any CPU
		{1ED552DC-C81F-B5C2-8CA8-BF8BDC334B01}.Debug R26|Any CPU.ActiveCfg = Debug|Any CPU
		{1ED552DC-C81F-B5C2-8CA8-BF8BDC334B01}.Debug R26|x64.ActiveCfg = Debug R26|Any CPU
		{1ED552DC-C81F-B5C2-8CA8-BF8BDC334B01}.Debug R26|x64.Build.0 = Debug R26|Any CPU
		{1ED552DC-C81F-B5C2-8CA8-BF8BDC334B01}.Debug R26|x86.ActiveCfg = Debug R26|Any CPU
		{1ED552DC-C81F-B5C2-8CA8-BF8BDC334B01}.Debug R26|x86.Build.0 = Debug R26|Any CPU
		{1ED552DC-C81F-B5C2-8CA8-BF8BDC334B01}.Debug R27|Any CPU.ActiveCfg = Debug|Any CPU
		{1ED552DC-C81F-B5C2-8CA8-BF8BDC334B01}.Debug R27|x64.ActiveCfg = Debug R27|Any CPU
		{1ED552DC-C81F-B5C2-8CA8-BF8BDC334B01}.Debug R27|x64.Build.0 = Debug R27|Any CPU
		{1ED552DC-C81F-B5C2-8CA8-BF8BDC334B01}.Debug R27|x86.ActiveCfg = Debug R27|Any CPU
		{1ED552DC-C81F-B5C2-8CA8-BF8BDC334B01}.Debug R27|x86.Build.0 = Debug R27|Any CPU
		{1ED552DC-C81F-B5C2-8CA8-BF8BDC334B01}.Debug|Any CPU.ActiveCfg = Debug|Any CPU
		{1ED552DC-C81F-B5C2-8CA8-BF8BDC334B01}.Debug|x64.ActiveCfg = Debug|Any CPU
		{1ED552DC-C81F-B5C2-8CA8-BF8BDC334B01}.Debug|x64.Build.0 = Debug|Any CPU
		{1ED552DC-C81F-B5C2-8CA8-BF8BDC334B01}.Debug|x86.ActiveCfg = Debug|Any CPU
		{1ED552DC-C81F-B5C2-8CA8-BF8BDC334B01}.Debug|x86.Build.0 = Debug|Any CPU
		{1ED552DC-C81F-B5C2-8CA8-BF8BDC334B01}.Release R25|Any CPU.ActiveCfg = Release|Any CPU
		{1ED552DC-C81F-B5C2-8CA8-BF8BDC334B01}.Release R25|x64.ActiveCfg = Release R25|Any CPU
		{1ED552DC-C81F-B5C2-8CA8-BF8BDC334B01}.Release R25|x64.Build.0 = Release R25|Any CPU
		{1ED552DC-C81F-B5C2-8CA8-BF8BDC334B01}.Release R25|x86.ActiveCfg = Release R25|Any CPU
		{1ED552DC-C81F-B5C2-8CA8-BF8BDC334B01}.Release R25|x86.Build.0 = Release R25|Any CPU
		{1ED552DC-C81F-B5C2-8CA8-BF8BDC334B01}.Release R26|Any CPU.ActiveCfg = Release|Any CPU
		{1ED552DC-C81F-B5C2-8CA8-BF8BDC334B01}.Release R26|x64.ActiveCfg = Release R26|Any CPU
		{1ED552DC-C81F-B5C2-8CA8-BF8BDC334B01}.Release R26|x64.Build.0 = Release R26|Any CPU
		{1ED552DC-C81F-B5C2-8CA8-BF8BDC334B01}.Release R26|x86.ActiveCfg = Release R26|Any CPU
		{1ED552DC-C81F-B5C2-8CA8-BF8BDC334B01}.Release R26|x86.Build.0 = Release R26|Any CPU
		{1ED552DC-C81F-B5C2-8CA8-BF8BDC334B01}.Release R27|Any CPU.ActiveCfg = Release|Any CPU
		{1ED552DC-C81F-B5C2-8CA8-BF8BDC334B01}.Release R27|x64.ActiveCfg = Release R27|Any CPU
		{1ED552DC-C81F-B5C2-8CA8-BF8BDC334B01}.Release R27|x64.Build.0 = Release R27|Any CPU
		{1ED552DC-C81F-B5C2-8CA8-BF8BDC334B01}.Release R27|x86.ActiveCfg = Release R27|Any CPU
		{1ED552DC-C81F-B5C2-8CA8-BF8BDC334B01}.Release R27|x86.Build.0 = Release R27|Any CPU
		{1ED552DC-C81F-B5C2-8CA8-BF8BDC334B01}.Release|Any CPU.ActiveCfg = Release|Any CPU
		{1ED552DC-C81F-B5C2-8CA8-BF8BDC334B01}.Release|Any CPU.Build.0 = Release|Any CPU
		{1ED552DC-C81F-B5C2-8CA8-BF8BDC334B01}.Release|x64.ActiveCfg = Release|Any CPU
		{1ED552DC-C81F-B5C2-8CA8-BF8BDC334B01}.Release|x64.Build.0 = Release|Any CPU
		{1ED552DC-C81F-B5C2-8CA8-BF8BDC334B01}.Release|x86.ActiveCfg = Release|Any CPU
		{1ED552DC-C81F-B5C2-8CA8-BF8BDC334B01}.Release|x86.Build.0 = Release|Any CPU
		{9DFC2C50-AEB9-4324-BC9F-52006BD84037}.Debug R25|Any CPU.ActiveCfg = Debug|Any CPU
		{9DFC2C50-AEB9-4324-BC9F-52006BD84037}.Debug R25|x64.ActiveCfg = Debug R25|Any CPU
		{9DFC2C50-AEB9-4324-BC9F-52006BD84037}.Debug R25|x64.Build.0 = Debug R25|Any CPU
		{9DFC2C50-AEB9-4324-BC9F-52006BD84037}.Debug R25|x86.ActiveCfg = Debug R25|Any CPU
		{9DFC2C50-AEB9-4324-BC9F-52006BD84037}.Debug R25|x86.Build.0 = Debug R25|Any CPU
		{9DFC2C50-AEB9-4324-BC9F-52006BD84037}.Debug R26|Any CPU.ActiveCfg = Debug|Any CPU
		{9DFC2C50-AEB9-4324-BC9F-52006BD84037}.Debug R26|x64.ActiveCfg = Debug R26|Any CPU
		{9DFC2C50-AEB9-4324-BC9F-52006BD84037}.Debug R26|x64.Build.0 = Debug R26|Any CPU
		{9DFC2C50-AEB9-4324-BC9F-52006BD84037}.Debug R26|x86.ActiveCfg = Debug R26|Any CPU
		{9DFC2C50-AEB9-4324-BC9F-52006BD84037}.Debug R26|x86.Build.0 = Debug R26|Any CPU
		{9DFC2C50-AEB9-4324-BC9F-52006BD84037}.Debug R27|Any CPU.ActiveCfg = Debug|Any CPU
		{9DFC2C50-AEB9-4324-BC9F-52006BD84037}.Debug R27|x64.ActiveCfg = Debug R27|Any CPU
		{9DFC2C50-AEB9-4324-BC9F-52006BD84037}.Debug R27|x64.Build.0 = Debug R27|Any CPU
		{9DFC2C50-AEB9-4324-BC9F-52006BD84037}.Debug R27|x86.ActiveCfg = Debug R27|Any CPU
		{9DFC2C50-AEB9-4324-BC9F-52006BD84037}.Debug R27|x86.Build.0 = Debug R27|Any CPU
		{9DFC2C50-AEB9-4324-BC9F-52006BD84037}.Debug|Any CPU.ActiveCfg = Debug|Any CPU
		{9DFC2C50-AEB9-4324-BC9F-52006BD84037}.Debug|x64.ActiveCfg = Debug|Any CPU
		{9DFC2C50-AEB9-4324-BC9F-52006BD84037}.Debug|x64.Build.0 = Debug|Any CPU
		{9DFC2C50-AEB9-4324-BC9F-52006BD84037}.Debug|x86.ActiveCfg = Debug|Any CPU
		{9DFC2C50-AEB9-4324-BC9F-52006BD84037}.Debug|x86.Build.0 = Debug|Any CPU
		{9DFC2C50-AEB9-4324-BC9F-52006BD84037}.Release R25|Any CPU.ActiveCfg = Release|Any CPU
		{9DFC2C50-AEB9-4324-BC9F-52006BD84037}.Release R25|x64.ActiveCfg = Release R25|Any CPU
		{9DFC2C50-AEB9-4324-BC9F-52006BD84037}.Release R25|x64.Build.0 = Release R25|Any CPU
		{9DFC2C50-AEB9-4324-BC9F-52006BD84037}.Release R25|x86.ActiveCfg = Release R25|Any CPU
		{9DFC2C50-AEB9-4324-BC9F-52006BD84037}.Release R25|x86.Build.0 = Release R25|Any CPU
		{9DFC2C50-AEB9-4324-BC9F-52006BD84037}.Release R26|Any CPU.ActiveCfg = Release|Any CPU
		{9DFC2C50-AEB9-4324-BC9F-52006BD84037}.Release R26|x64.ActiveCfg = Release R26|Any CPU
		{9DFC2C50-AEB9-4324-BC9F-52006BD84037}.Release R26|x64.Build.0 = Release R26|Any CPU
		{9DFC2C50-AEB9-4324-BC9F-52006BD84037}.Release R26|x86.ActiveCfg = Release R26|Any CPU
		{9DFC2C50-AEB9-4324-BC9F-52006BD84037}.Release R26|x86.Build.0 = Release R26|Any CPU
		{9DFC2C50-AEB9-4324-BC9F-52006BD84037}.Release R27|Any CPU.ActiveCfg = Release|Any CPU
		{9DFC2C50-AEB9-4324-BC9F-52006BD84037}.Release R27|x64.ActiveCfg = Release R27|Any CPU
		{9DFC2C50-AEB9-4324-BC9F-52006BD84037}.Release R27|x64.Build.0 = Release R27|Any CPU
		{9DFC2C50-AEB9-4324-BC9F-52006BD84037}.Release R27|x86.ActiveCfg = Release R27|Any CPU
		{9DFC2C50-AEB9-4324-BC9F-52006BD84037}.Release R27|x86.Build.0 = Release R27|Any CPU
		{9DFC2C50-AEB9-4324-BC9F-52006BD84037}.Release|Any CPU.ActiveCfg = Release|Any CPU
		{9DFC2C50-AEB9-4324-BC9F-52006BD84037}.Release|x64.ActiveCfg = Release|Any CPU
		{9DFC2C50-AEB9-4324-BC9F-52006BD84037}.Release|x64.Build.0 = Release|Any CPU
		{9DFC2C50-AEB9-4324-BC9F-52006BD84037}.Release|x86.ActiveCfg = Release|Any CPU
		{9DFC2C50-AEB9-4324-BC9F-52006BD84037}.Release|x86.Build.0 = Release|Any CPU
		{161C8DD2-A7A4-4262-9959-819F712E88D9}.Debug R25|Any CPU.ActiveCfg = Debug R25|Any CPU
		{161C8DD2-A7A4-4262-9959-819F712E88D9}.Debug R25|x64.ActiveCfg = Debug R25|Any CPU
		{161C8DD2-A7A4-4262-9959-819F712E88D9}.Debug R25|x64.Build.0 = Debug R25|Any CPU
		{161C8DD2-A7A4-4262-9959-819F712E88D9}.Debug R25|x86.ActiveCfg = Debug R25|Any CPU
		{161C8DD2-A7A4-4262-9959-819F712E88D9}.Debug R25|x86.Build.0 = Debug R25|Any CPU
		{161C8DD2-A7A4-4262-9959-819F712E88D9}.Debug R26|Any CPU.ActiveCfg = Debug R26|Any CPU
		{161C8DD2-A7A4-4262-9959-819F712E88D9}.Debug R26|Any CPU.Build.0 = Debug R26|Any CPU
		{161C8DD2-A7A4-4262-9959-819F712E88D9}.Debug R26|x64.ActiveCfg = Debug R26|Any CPU
		{161C8DD2-A7A4-4262-9959-819F712E88D9}.Debug R26|x64.Build.0 = Debug R26|Any CPU
		{161C8DD2-A7A4-4262-9959-819F712E88D9}.Debug R26|x86.ActiveCfg = Debug R26|Any CPU
		{161C8DD2-A7A4-4262-9959-819F712E88D9}.Debug R26|x86.Build.0 = Debug R26|Any CPU
		{161C8DD2-A7A4-4262-9959-819F712E88D9}.Debug R27|Any CPU.ActiveCfg = Debug R27|Any CPU
		{161C8DD2-A7A4-4262-9959-819F712E88D9}.Debug R27|Any CPU.Build.0 = Debug R27|Any CPU
		{161C8DD2-A7A4-4262-9959-819F712E88D9}.Debug R27|x64.ActiveCfg = Debug R27|Any CPU
		{161C8DD2-A7A4-4262-9959-819F712E88D9}.Debug R27|x64.Build.0 = Debug R27|Any CPU
		{161C8DD2-A7A4-4262-9959-819F712E88D9}.Debug R27|x86.ActiveCfg = Debug R27|Any CPU
		{161C8DD2-A7A4-4262-9959-819F712E88D9}.Debug R27|x86.Build.0 = Debug R27|Any CPU
		{161C8DD2-A7A4-4262-9959-819F712E88D9}.Debug|Any CPU.ActiveCfg = Debug|Any CPU
		{161C8DD2-A7A4-4262-9959-819F712E88D9}.Debug|Any CPU.Build.0 = Debug|Any CPU
		{161C8DD2-A7A4-4262-9959-819F712E88D9}.Debug|x64.ActiveCfg = Debug|Any CPU
		{161C8DD2-A7A4-4262-9959-819F712E88D9}.Debug|x64.Build.0 = Debug|Any CPU
		{161C8DD2-A7A4-4262-9959-819F712E88D9}.Debug|x86.ActiveCfg = Debug|Any CPU
		{161C8DD2-A7A4-4262-9959-819F712E88D9}.Debug|x86.Build.0 = Debug|Any CPU
		{161C8DD2-A7A4-4262-9959-819F712E88D9}.Release R25|Any CPU.ActiveCfg = Release R25|Any CPU
		{161C8DD2-A7A4-4262-9959-819F712E88D9}.Release R25|x64.ActiveCfg = Release R25|Any CPU
		{161C8DD2-A7A4-4262-9959-819F712E88D9}.Release R25|x64.Build.0 = Release R25|Any CPU
		{161C8DD2-A7A4-4262-9959-819F712E88D9}.Release R25|x86.ActiveCfg = Release R25|Any CPU
		{161C8DD2-A7A4-4262-9959-819F712E88D9}.Release R25|x86.Build.0 = Release R25|Any CPU
		{161C8DD2-A7A4-4262-9959-819F712E88D9}.Release R26|Any CPU.ActiveCfg = Release R26|Any CPU
		{161C8DD2-A7A4-4262-9959-819F712E88D9}.Release R26|x64.ActiveCfg = Release R26|Any CPU
		{161C8DD2-A7A4-4262-9959-819F712E88D9}.Release R26|x64.Build.0 = Release R26|Any CPU
		{161C8DD2-A7A4-4262-9959-819F712E88D9}.Release R26|x86.ActiveCfg = Release R26|Any CPU
		{161C8DD2-A7A4-4262-9959-819F712E88D9}.Release R26|x86.Build.0 = Release R26|Any CPU
		{161C8DD2-A7A4-4262-9959-819F712E88D9}.Release R27|Any CPU.ActiveCfg = Release R27|Any CPU
		{161C8DD2-A7A4-4262-9959-819F712E88D9}.Release R27|x64.ActiveCfg = Release R27|Any CPU
		{161C8DD2-A7A4-4262-9959-819F712E88D9}.Release R27|x64.Build.0 = Release R27|Any CPU
		{161C8DD2-A7A4-4262-9959-819F712E88D9}.Release R27|x86.ActiveCfg = Release R27|Any CPU
		{161C8DD2-A7A4-4262-9959-819F712E88D9}.Release R27|x86.Build.0 = Release R27|Any CPU
		{161C8DD2-A7A4-4262-9959-819F712E88D9}.Release|Any CPU.ActiveCfg = Release R25|Any CPU
		{161C8DD2-A7A4-4262-9959-819F712E88D9}.Release|Any CPU.Build.0 = Release R25|Any CPU
		{161C8DD2-A7A4-4262-9959-819F712E88D9}.Release|x64.ActiveCfg = Release|Any CPU
		{161C8DD2-A7A4-4262-9959-819F712E88D9}.Release|x64.Build.0 = Release|Any CPU
		{161C8DD2-A7A4-4262-9959-819F712E88D9}.Release|x86.ActiveCfg = Release|Any CPU
		{161C8DD2-A7A4-4262-9959-819F712E88D9}.Release|x86.Build.0 = Release|Any CPU
		{24581855-81DC-CBC5-2066-6239B39AC343}.Debug R25|Any CPU.ActiveCfg = Debug|Any CPU
		{24581855-81DC-CBC5-2066-6239B39AC343}.Debug R25|Any CPU.Build.0 = Debug|Any CPU
		{24581855-81DC-CBC5-2066-6239B39AC343}.Debug R25|Any CPU.Deploy.0 = Debug|Any CPU
		{24581855-81DC-CBC5-2066-6239B39AC343}.Debug R25|x64.ActiveCfg = Debug R25|x64
		{24581855-81DC-CBC5-2066-6239B39AC343}.Debug R25|x86.ActiveCfg = Debug R25|x86
		{24581855-81DC-CBC5-2066-6239B39AC343}.Debug R26|Any CPU.ActiveCfg = Debug|Any CPU
		{24581855-81DC-CBC5-2066-6239B39AC343}.Debug R26|Any CPU.Build.0 = Debug|Any CPU
		{24581855-81DC-CBC5-2066-6239B39AC343}.Debug R26|Any CPU.Deploy.0 = Debug|Any CPU
		{24581855-81DC-CBC5-2066-6239B39AC343}.Debug R26|x64.ActiveCfg = Debug R26|x64
		{24581855-81DC-CBC5-2066-6239B39AC343}.Debug R26|x86.ActiveCfg = Debug R26|x86
		{24581855-81DC-CBC5-2066-6239B39AC343}.Debug R27|Any CPU.ActiveCfg = Debug|Any CPU
		{24581855-81DC-CBC5-2066-6239B39AC343}.Debug R27|Any CPU.Build.0 = Debug|Any CPU
		{24581855-81DC-CBC5-2066-6239B39AC343}.Debug R27|Any CPU.Deploy.0 = Debug|Any CPU
		{24581855-81DC-CBC5-2066-6239B39AC343}.Debug R27|x64.ActiveCfg = Debug R27|x64
		{24581855-81DC-CBC5-2066-6239B39AC343}.Debug R27|x86.ActiveCfg = Debug R27|x86
		{24581855-81DC-CBC5-2066-6239B39AC343}.Debug|Any CPU.ActiveCfg = Debug|Any CPU
		{24581855-81DC-CBC5-2066-6239B39AC343}.Debug|Any CPU.Build.0 = Debug|Any CPU
		{24581855-81DC-CBC5-2066-6239B39AC343}.Debug|Any CPU.Deploy.0 = Debug|Any CPU
		{24581855-81DC-CBC5-2066-6239B39AC343}.Debug|x64.ActiveCfg = Debug|x64
		{24581855-81DC-CBC5-2066-6239B39AC343}.Debug|x86.ActiveCfg = Debug|x86
		{24581855-81DC-CBC5-2066-6239B39AC343}.Release R25|Any CPU.ActiveCfg = Release|Any CPU
		{24581855-81DC-CBC5-2066-6239B39AC343}.Release R25|Any CPU.Build.0 = Release|Any CPU
		{24581855-81DC-CBC5-2066-6239B39AC343}.Release R25|Any CPU.Deploy.0 = Release|Any CPU
		{24581855-81DC-CBC5-2066-6239B39AC343}.Release R25|x64.ActiveCfg = Release R25|x64
		{24581855-81DC-CBC5-2066-6239B39AC343}.Release R25|x86.ActiveCfg = Release R25|x86
		{24581855-81DC-CBC5-2066-6239B39AC343}.Release R26|Any CPU.ActiveCfg = Release|Any CPU
		{24581855-81DC-CBC5-2066-6239B39AC343}.Release R26|Any CPU.Build.0 = Release|Any CPU
		{24581855-81DC-CBC5-2066-6239B39AC343}.Release R26|Any CPU.Deploy.0 = Release|Any CPU
		{24581855-81DC-CBC5-2066-6239B39AC343}.Release R26|x64.ActiveCfg = Release R26|x64
		{24581855-81DC-CBC5-2066-6239B39AC343}.Release R26|x86.ActiveCfg = Release R26|x86
		{24581855-81DC-CBC5-2066-6239B39AC343}.Release R27|Any CPU.ActiveCfg = Release|Any CPU
		{24581855-81DC-CBC5-2066-6239B39AC343}.Release R27|Any CPU.Build.0 = Release|Any CPU
		{24581855-81DC-CBC5-2066-6239B39AC343}.Release R27|Any CPU.Deploy.0 = Release|Any CPU
		{24581855-81DC-CBC5-2066-6239B39AC343}.Release R27|x64.ActiveCfg = Release R27|x64
		{24581855-81DC-CBC5-2066-6239B39AC343}.Release R27|x86.ActiveCfg = Release R27|x86
		{24581855-81DC-CBC5-2066-6239B39AC343}.Release|Any CPU.ActiveCfg = Release|Any CPU
		{24581855-81DC-CBC5-2066-6239B39AC343}.Release|Any CPU.Build.0 = Release|Any CPU
		{24581855-81DC-CBC5-2066-6239B39AC343}.Release|Any CPU.Deploy.0 = Release|Any CPU
		{24581855-81DC-CBC5-2066-6239B39AC343}.Release|x64.ActiveCfg = Release|x64
		{24581855-81DC-CBC5-2066-6239B39AC343}.Release|x86.ActiveCfg = Release|x86
		{BF8554B4-844E-4FC8-960A-1C156A62A5F1}.Debug R25|Any CPU.ActiveCfg = Debug R25|Any CPU
		{BF8554B4-844E-4FC8-960A-1C156A62A5F1}.Debug R25|Any CPU.Build.0 = Debug R25|Any CPU
		{BF8554B4-844E-4FC8-960A-1C156A62A5F1}.Debug R25|x64.ActiveCfg = Debug R25|Any CPU
		{BF8554B4-844E-4FC8-960A-1C156A62A5F1}.Debug R25|x64.Build.0 = Debug R25|Any CPU
		{BF8554B4-844E-4FC8-960A-1C156A62A5F1}.Debug R25|x86.ActiveCfg = Debug R25|Any CPU
		{BF8554B4-844E-4FC8-960A-1C156A62A5F1}.Debug R25|x86.Build.0 = Debug R25|Any CPU
		{BF8554B4-844E-4FC8-960A-1C156A62A5F1}.Debug R26|Any CPU.ActiveCfg = Debug R26|Any CPU
		{BF8554B4-844E-4FC8-960A-1C156A62A5F1}.Debug R26|Any CPU.Build.0 = Debug R26|Any CPU
		{BF8554B4-844E-4FC8-960A-1C156A62A5F1}.Debug R26|x64.ActiveCfg = Debug R26|Any CPU
		{BF8554B4-844E-4FC8-960A-1C156A62A5F1}.Debug R26|x64.Build.0 = Debug R26|Any CPU
		{BF8554B4-844E-4FC8-960A-1C156A62A5F1}.Debug R26|x86.ActiveCfg = Debug R26|Any CPU
		{BF8554B4-844E-4FC8-960A-1C156A62A5F1}.Debug R26|x86.Build.0 = Debug R26|Any CPU
		{BF8554B4-844E-4FC8-960A-1C156A62A5F1}.Debug R27|Any CPU.ActiveCfg = Debug R27|Any CPU
		{BF8554B4-844E-4FC8-960A-1C156A62A5F1}.Debug R27|Any CPU.Build.0 = Debug R27|Any CPU
		{BF8554B4-844E-4FC8-960A-1C156A62A5F1}.Debug R27|x64.ActiveCfg = Debug R27|Any CPU
		{BF8554B4-844E-4FC8-960A-1C156A62A5F1}.Debug R27|x64.Build.0 = Debug R27|Any CPU
		{BF8554B4-844E-4FC8-960A-1C156A62A5F1}.Debug R27|x86.ActiveCfg = Debug R27|Any CPU
		{BF8554B4-844E-4FC8-960A-1C156A62A5F1}.Debug R27|x86.Build.0 = Debug R27|Any CPU
		{BF8554B4-844E-4FC8-960A-1C156A62A5F1}.Debug|Any CPU.ActiveCfg = Debug|Any CPU
		{BF8554B4-844E-4FC8-960A-1C156A62A5F1}.Debug|Any CPU.Build.0 = Debug|Any CPU
		{BF8554B4-844E-4FC8-960A-1C156A62A5F1}.Debug|x64.ActiveCfg = Debug|Any CPU
		{BF8554B4-844E-4FC8-960A-1C156A62A5F1}.Debug|x64.Build.0 = Debug|Any CPU
		{BF8554B4-844E-4FC8-960A-1C156A62A5F1}.Debug|x86.ActiveCfg = Debug|Any CPU
		{BF8554B4-844E-4FC8-960A-1C156A62A5F1}.Debug|x86.Build.0 = Debug|Any CPU
		{BF8554B4-844E-4FC8-960A-1C156A62A5F1}.Release R25|Any CPU.ActiveCfg = Release R25|Any CPU
		{BF8554B4-844E-4FC8-960A-1C156A62A5F1}.Release R25|Any CPU.Build.0 = Release R25|Any CPU
		{BF8554B4-844E-4FC8-960A-1C156A62A5F1}.Release R25|x64.ActiveCfg = Release R25|Any CPU
		{BF8554B4-844E-4FC8-960A-1C156A62A5F1}.Release R25|x64.Build.0 = Release R25|Any CPU
		{BF8554B4-844E-4FC8-960A-1C156A62A5F1}.Release R25|x86.ActiveCfg = Release R25|Any CPU
		{BF8554B4-844E-4FC8-960A-1C156A62A5F1}.Release R25|x86.Build.0 = Release R25|Any CPU
		{BF8554B4-844E-4FC8-960A-1C156A62A5F1}.Release R26|Any CPU.ActiveCfg = Release R26|Any CPU
		{BF8554B4-844E-4FC8-960A-1C156A62A5F1}.Release R26|Any CPU.Build.0 = Release R26|Any CPU
		{BF8554B4-844E-4FC8-960A-1C156A62A5F1}.Release R26|x64.ActiveCfg = Release R26|Any CPU
		{BF8554B4-844E-4FC8-960A-1C156A62A5F1}.Release R26|x64.Build.0 = Release R26|Any CPU
		{BF8554B4-844E-4FC8-960A-1C156A62A5F1}.Release R26|x86.ActiveCfg = Release R26|Any CPU
		{BF8554B4-844E-4FC8-960A-1C156A62A5F1}.Release R26|x86.Build.0 = Release R26|Any CPU
		{BF8554B4-844E-4FC8-960A-1C156A62A5F1}.Release R27|Any CPU.ActiveCfg = Release R27|Any CPU
		{BF8554B4-844E-4FC8-960A-1C156A62A5F1}.Release R27|Any CPU.Build.0 = Release R27|Any CPU
		{BF8554B4-844E-4FC8-960A-1C156A62A5F1}.Release R27|x64.ActiveCfg = Release R27|Any CPU
		{BF8554B4-844E-4FC8-960A-1C156A62A5F1}.Release R27|x64.Build.0 = Release R27|Any CPU
		{BF8554B4-844E-4FC8-960A-1C156A62A5F1}.Release R27|x86.ActiveCfg = Release R27|Any CPU
		{BF8554B4-844E-4FC8-960A-1C156A62A5F1}.Release R27|x86.Build.0 = Release R27|Any CPU
		{BF8554B4-844E-4FC8-960A-1C156A62A5F1}.Release|Any CPU.ActiveCfg = Release R25|Any CPU
		{BF8554B4-844E-4FC8-960A-1C156A62A5F1}.Release|Any CPU.Build.0 = Release R25|Any CPU
		{BF8554B4-844E-4FC8-960A-1C156A62A5F1}.Release|x64.ActiveCfg = Release|Any CPU
		{BF8554B4-844E-4FC8-960A-1C156A62A5F1}.Release|x64.Build.0 = Release|Any CPU
		{BF8554B4-844E-4FC8-960A-1C156A62A5F1}.Release|x86.ActiveCfg = Release|Any CPU
		{BF8554B4-844E-4FC8-960A-1C156A62A5F1}.Release|x86.Build.0 = Release|Any CPU
		{8F016247-857B-4588-9D94-8B299C8CF83D}.Debug R25|Any CPU.ActiveCfg = Debug R25|Any CPU
		{8F016247-857B-4588-9D94-8B299C8CF83D}.Debug R25|Any CPU.Build.0 = Debug R25|Any CPU
		{8F016247-857B-4588-9D94-8B299C8CF83D}.Debug R25|x64.ActiveCfg = Debug R25|Any CPU
		{8F016247-857B-4588-9D94-8B299C8CF83D}.Debug R25|x64.Build.0 = Debug R25|Any CPU
		{8F016247-857B-4588-9D94-8B299C8CF83D}.Debug R25|x86.ActiveCfg = Debug R25|Any CPU
		{8F016247-857B-4588-9D94-8B299C8CF83D}.Debug R25|x86.Build.0 = Debug R25|Any CPU
		{8F016247-857B-4588-9D94-8B299C8CF83D}.Debug R26|Any CPU.ActiveCfg = Debug R26|Any CPU
		{8F016247-857B-4588-9D94-8B299C8CF83D}.Debug R26|Any CPU.Build.0 = Debug R26|Any CPU
		{8F016247-857B-4588-9D94-8B299C8CF83D}.Debug R26|x64.ActiveCfg = Debug R26|Any CPU
		{8F016247-857B-4588-9D94-8B299C8CF83D}.Debug R26|x64.Build.0 = Debug R26|Any CPU
		{8F016247-857B-4588-9D94-8B299C8CF83D}.Debug R26|x86.ActiveCfg = Debug R26|Any CPU
		{8F016247-857B-4588-9D94-8B299C8CF83D}.Debug R26|x86.Build.0 = Debug R26|Any CPU
		{8F016247-857B-4588-9D94-8B299C8CF83D}.Debug R27|Any CPU.ActiveCfg = Debug R27|Any CPU
		{8F016247-857B-4588-9D94-8B299C8CF83D}.Debug R27|Any CPU.Build.0 = Debug R27|Any CPU
		{8F016247-857B-4588-9D94-8B299C8CF83D}.Debug R27|x64.ActiveCfg = Debug R27|Any CPU
		{8F016247-857B-4588-9D94-8B299C8CF83D}.Debug R27|x64.Build.0 = Debug R27|Any CPU
		{8F016247-857B-4588-9D94-8B299C8CF83D}.Debug R27|x86.ActiveCfg = Debug R27|Any CPU
		{8F016247-857B-4588-9D94-8B299C8CF83D}.Debug R27|x86.Build.0 = Debug R27|Any CPU
		{8F016247-857B-4588-9D94-8B299C8CF83D}.Debug|Any CPU.ActiveCfg = Debug R25|Any CPU
		{8F016247-857B-4588-9D94-8B299C8CF83D}.Debug|Any CPU.Build.0 = Debug R25|Any CPU
		{8F016247-857B-4588-9D94-8B299C8CF83D}.Debug|x64.ActiveCfg = Debug|Any CPU
		{8F016247-857B-4588-9D94-8B299C8CF83D}.Debug|x64.Build.0 = Debug|Any CPU
		{8F016247-857B-4588-9D94-8B299C8CF83D}.Debug|x86.ActiveCfg = Debug|Any CPU
		{8F016247-857B-4588-9D94-8B299C8CF83D}.Debug|x86.Build.0 = Debug|Any CPU
		{8F016247-857B-4588-9D94-8B299C8CF83D}.Release R25|Any CPU.ActiveCfg = Release R25|Any CPU
		{8F016247-857B-4588-9D94-8B299C8CF83D}.Release R25|Any CPU.Build.0 = Release R25|Any CPU
		{8F016247-857B-4588-9D94-8B299C8CF83D}.Release R25|x64.ActiveCfg = Release R25|Any CPU
		{8F016247-857B-4588-9D94-8B299C8CF83D}.Release R25|x64.Build.0 = Release R25|Any CPU
		{8F016247-857B-4588-9D94-8B299C8CF83D}.Release R25|x86.ActiveCfg = Release R25|Any CPU
		{8F016247-857B-4588-9D94-8B299C8CF83D}.Release R25|x86.Build.0 = Release R25|Any CPU
		{8F016247-857B-4588-9D94-8B299C8CF83D}.Release R26|Any CPU.ActiveCfg = Release R26|Any CPU
		{8F016247-857B-4588-9D94-8B299C8CF83D}.Release R26|Any CPU.Build.0 = Release R26|Any CPU
		{8F016247-857B-4588-9D94-8B299C8CF83D}.Release R26|x64.ActiveCfg = Release R26|Any CPU
		{8F016247-857B-4588-9D94-8B299C8CF83D}.Release R26|x64.Build.0 = Release R26|Any CPU
		{8F016247-857B-4588-9D94-8B299C8CF83D}.Release R26|x86.ActiveCfg = Release R26|Any CPU
		{8F016247-857B-4588-9D94-8B299C8CF83D}.Release R26|x86.Build.0 = Release R26|Any CPU
		{8F016247-857B-4588-9D94-8B299C8CF83D}.Release R27|Any CPU.ActiveCfg = Release R27|Any CPU
		{8F016247-857B-4588-9D94-8B299C8CF83D}.Release R27|Any CPU.Build.0 = Release R27|Any CPU
		{8F016247-857B-4588-9D94-8B299C8CF83D}.Release R27|x64.ActiveCfg = Release R27|Any CPU
		{8F016247-857B-4588-9D94-8B299C8CF83D}.Release R27|x64.Build.0 = Release R27|Any CPU
		{8F016247-857B-4588-9D94-8B299C8CF83D}.Release R27|x86.ActiveCfg = Release R27|Any CPU
		{8F016247-857B-4588-9D94-8B299C8CF83D}.Release R27|x86.Build.0 = Release R27|Any CPU
		{8F016247-857B-4588-9D94-8B299C8CF83D}.Release|Any CPU.ActiveCfg = Release R25|Any CPU
		{8F016247-857B-4588-9D94-8B299C8CF83D}.Release|Any CPU.Build.0 = Release R25|Any CPU
		{8F016247-857B-4588-9D94-8B299C8CF83D}.Release|x64.ActiveCfg = Release|Any CPU
		{8F016247-857B-4588-9D94-8B299C8CF83D}.Release|x64.Build.0 = Release|Any CPU
		{8F016247-857B-4588-9D94-8B299C8CF83D}.Release|x86.ActiveCfg = Release|Any CPU
		{8F016247-857B-4588-9D94-8B299C8CF83D}.Release|x86.Build.0 = Release|Any CPU
		{09641FFA-119E-40FD-9E8A-B3853ACD31D7}.Debug R25|Any CPU.ActiveCfg = Debug R25|Any CPU
		{09641FFA-119E-40FD-9E8A-B3853ACD31D7}.Debug R25|Any CPU.Build.0 = Debug R25|Any CPU
		{09641FFA-119E-40FD-9E8A-B3853ACD31D7}.Debug R25|x64.ActiveCfg = Debug R25|Any CPU
		{09641FFA-119E-40FD-9E8A-B3853ACD31D7}.Debug R25|x64.Build.0 = Debug R25|Any CPU
		{09641FFA-119E-40FD-9E8A-B3853ACD31D7}.Debug R25|x86.ActiveCfg = Debug R25|Any CPU
		{09641FFA-119E-40FD-9E8A-B3853ACD31D7}.Debug R25|x86.Build.0 = Debug R25|Any CPU
		{09641FFA-119E-40FD-9E8A-B3853ACD31D7}.Debug R26|Any CPU.ActiveCfg = Debug R26|Any CPU
		{09641FFA-119E-40FD-9E8A-B3853ACD31D7}.Debug R26|Any CPU.Build.0 = Debug R26|Any CPU
		{09641FFA-119E-40FD-9E8A-B3853ACD31D7}.Debug R26|x64.ActiveCfg = Debug R26|Any CPU
		{09641FFA-119E-40FD-9E8A-B3853ACD31D7}.Debug R26|x64.Build.0 = Debug R26|Any CPU
		{09641FFA-119E-40FD-9E8A-B3853ACD31D7}.Debug R26|x86.ActiveCfg = Debug R26|Any CPU
		{09641FFA-119E-40FD-9E8A-B3853ACD31D7}.Debug R26|x86.Build.0 = Debug R26|Any CPU
		{09641FFA-119E-40FD-9E8A-B3853ACD31D7}.Debug R27|Any CPU.ActiveCfg = Debug R27|Any CPU
		{09641FFA-119E-40FD-9E8A-B3853ACD31D7}.Debug R27|Any CPU.Build.0 = Debug R27|Any CPU
		{09641FFA-119E-40FD-9E8A-B3853ACD31D7}.Debug R27|x64.ActiveCfg = Debug R27|Any CPU
		{09641FFA-119E-40FD-9E8A-B3853ACD31D7}.Debug R27|x64.Build.0 = Debug R27|Any CPU
		{09641FFA-119E-40FD-9E8A-B3853ACD31D7}.Debug R27|x86.ActiveCfg = Debug R27|Any CPU
		{09641FFA-119E-40FD-9E8A-B3853ACD31D7}.Debug R27|x86.Build.0 = Debug R27|Any CPU
		{09641FFA-119E-40FD-9E8A-B3853ACD31D7}.Debug|Any CPU.ActiveCfg = Debug R25|Any CPU
		{09641FFA-119E-40FD-9E8A-B3853ACD31D7}.Debug|Any CPU.Build.0 = Debug R25|Any CPU
		{09641FFA-119E-40FD-9E8A-B3853ACD31D7}.Debug|x64.ActiveCfg = Debug|Any CPU
		{09641FFA-119E-40FD-9E8A-B3853ACD31D7}.Debug|x64.Build.0 = Debug|Any CPU
		{09641FFA-119E-40FD-9E8A-B3853ACD31D7}.Debug|x86.ActiveCfg = Debug|Any CPU
		{09641FFA-119E-40FD-9E8A-B3853ACD31D7}.Debug|x86.Build.0 = Debug|Any CPU
		{09641FFA-119E-40FD-9E8A-B3853ACD31D7}.Release R25|Any CPU.ActiveCfg = Release|Any CPU
		{09641FFA-119E-40FD-9E8A-B3853ACD31D7}.Release R25|Any CPU.Build.0 = Release|Any CPU
		{09641FFA-119E-40FD-9E8A-B3853ACD31D7}.Release R25|x64.ActiveCfg = Release R25|Any CPU
		{09641FFA-119E-40FD-9E8A-B3853ACD31D7}.Release R25|x64.Build.0 = Release R25|Any CPU
		{09641FFA-119E-40FD-9E8A-B3853ACD31D7}.Release R25|x86.ActiveCfg = Release R25|Any CPU
		{09641FFA-119E-40FD-9E8A-B3853ACD31D7}.Release R25|x86.Build.0 = Release R25|Any CPU
		{09641FFA-119E-40FD-9E8A-B3853ACD31D7}.Release R26|Any CPU.ActiveCfg = Release|Any CPU
		{09641FFA-119E-40FD-9E8A-B3853ACD31D7}.Release R26|Any CPU.Build.0 = Release|Any CPU
		{09641FFA-119E-40FD-9E8A-B3853ACD31D7}.Release R26|x64.ActiveCfg = Release R26|Any CPU
		{09641FFA-119E-40FD-9E8A-B3853ACD31D7}.Release R26|x64.Build.0 = Release R26|Any CPU
		{09641FFA-119E-40FD-9E8A-B3853ACD31D7}.Release R26|x86.ActiveCfg = Release R26|Any CPU
		{09641FFA-119E-40FD-9E8A-B3853ACD31D7}.Release R26|x86.Build.0 = Release R26|Any CPU
		{09641FFA-119E-40FD-9E8A-B3853ACD31D7}.Release R27|Any CPU.ActiveCfg = Release|Any CPU
		{09641FFA-119E-40FD-9E8A-B3853ACD31D7}.Release R27|Any CPU.Build.0 = Release|Any CPU
		{09641FFA-119E-40FD-9E8A-B3853ACD31D7}.Release R27|x64.ActiveCfg = Release R27|Any CPU
		{09641FFA-119E-40FD-9E8A-B3853ACD31D7}.Release R27|x64.Build.0 = Release R27|Any CPU
		{09641FFA-119E-40FD-9E8A-B3853ACD31D7}.Release R27|x86.ActiveCfg = Release R27|Any CPU
		{09641FFA-119E-40FD-9E8A-B3853ACD31D7}.Release R27|x86.Build.0 = Release R27|Any CPU
		{09641FFA-119E-40FD-9E8A-B3853ACD31D7}.Release|Any CPU.ActiveCfg = Release|Any CPU
		{09641FFA-119E-40FD-9E8A-B3853ACD31D7}.Release|Any CPU.Build.0 = Release|Any CPU
		{09641FFA-119E-40FD-9E8A-B3853ACD31D7}.Release|x64.ActiveCfg = Release|Any CPU
		{09641FFA-119E-40FD-9E8A-B3853ACD31D7}.Release|x64.Build.0 = Release|Any CPU
		{09641FFA-119E-40FD-9E8A-B3853ACD31D7}.Release|x86.ActiveCfg = Release|Any CPU
		{09641FFA-119E-40FD-9E8A-B3853ACD31D7}.Release|x86.Build.0 = Release|Any CPU
		{22DC6FFB-A72F-4A65-9AC3-20F8B487DF08}.Debug R25|Any CPU.ActiveCfg = Debug R25|Any CPU
		{22DC6FFB-A72F-4A65-9AC3-20F8B487DF08}.Debug R25|Any CPU.Build.0 = Debug R25|Any CPU
		{22DC6FFB-A72F-4A65-9AC3-20F8B487DF08}.Debug R25|x64.ActiveCfg = Debug R25|Any CPU
		{22DC6FFB-A72F-4A65-9AC3-20F8B487DF08}.Debug R25|x64.Build.0 = Debug R25|Any CPU
		{22DC6FFB-A72F-4A65-9AC3-20F8B487DF08}.Debug R25|x86.ActiveCfg = Debug R25|Any CPU
		{22DC6FFB-A72F-4A65-9AC3-20F8B487DF08}.Debug R25|x86.Build.0 = Debug R25|Any CPU
		{22DC6FFB-A72F-4A65-9AC3-20F8B487DF08}.Debug R26|Any CPU.ActiveCfg = Debug R26|Any CPU
		{22DC6FFB-A72F-4A65-9AC3-20F8B487DF08}.Debug R26|Any CPU.Build.0 = Debug R26|Any CPU
		{22DC6FFB-A72F-4A65-9AC3-20F8B487DF08}.Debug R26|x64.ActiveCfg = Debug R26|Any CPU
		{22DC6FFB-A72F-4A65-9AC3-20F8B487DF08}.Debug R26|x64.Build.0 = Debug R26|Any CPU
		{22DC6FFB-A72F-4A65-9AC3-20F8B487DF08}.Debug R26|x86.ActiveCfg = Debug R26|Any CPU
		{22DC6FFB-A72F-4A65-9AC3-20F8B487DF08}.Debug R26|x86.Build.0 = Debug R26|Any CPU
		{22DC6FFB-A72F-4A65-9AC3-20F8B487DF08}.Debug R27|Any CPU.ActiveCfg = Debug R27|Any CPU
		{22DC6FFB-A72F-4A65-9AC3-20F8B487DF08}.Debug R27|Any CPU.Build.0 = Debug R27|Any CPU
		{22DC6FFB-A72F-4A65-9AC3-20F8B487DF08}.Debug R27|x64.ActiveCfg = Debug R27|Any CPU
		{22DC6FFB-A72F-4A65-9AC3-20F8B487DF08}.Debug R27|x64.Build.0 = Debug R27|Any CPU
		{22DC6FFB-A72F-4A65-9AC3-20F8B487DF08}.Debug R27|x86.ActiveCfg = Debug R27|Any CPU
		{22DC6FFB-A72F-4A65-9AC3-20F8B487DF08}.Debug R27|x86.Build.0 = Debug R27|Any CPU
		{22DC6FFB-A72F-4A65-9AC3-20F8B487DF08}.Debug|Any CPU.ActiveCfg = Debug R25|Any CPU
		{22DC6FFB-A72F-4A65-9AC3-20F8B487DF08}.Debug|Any CPU.Build.0 = Debug R25|Any CPU
		{22DC6FFB-A72F-4A65-9AC3-20F8B487DF08}.Debug|x64.ActiveCfg = Debug|Any CPU
		{22DC6FFB-A72F-4A65-9AC3-20F8B487DF08}.Debug|x64.Build.0 = Debug|Any CPU
		{22DC6FFB-A72F-4A65-9AC3-20F8B487DF08}.Debug|x86.ActiveCfg = Debug|Any CPU
		{22DC6FFB-A72F-4A65-9AC3-20F8B487DF08}.Debug|x86.Build.0 = Debug|Any CPU
		{22DC6FFB-A72F-4A65-9AC3-20F8B487DF08}.Release R25|Any CPU.ActiveCfg = Release R25|Any CPU
		{22DC6FFB-A72F-4A65-9AC3-20F8B487DF08}.Release R25|Any CPU.Build.0 = Release R25|Any CPU
		{22DC6FFB-A72F-4A65-9AC3-20F8B487DF08}.Release R25|x64.ActiveCfg = Release R25|Any CPU
		{22DC6FFB-A72F-4A65-9AC3-20F8B487DF08}.Release R25|x64.Build.0 = Release R25|Any CPU
		{22DC6FFB-A72F-4A65-9AC3-20F8B487DF08}.Release R25|x86.ActiveCfg = Release R25|Any CPU
		{22DC6FFB-A72F-4A65-9AC3-20F8B487DF08}.Release R25|x86.Build.0 = Release R25|Any CPU
		{22DC6FFB-A72F-4A65-9AC3-20F8B487DF08}.Release R26|Any CPU.ActiveCfg = Release R26|Any CPU
		{22DC6FFB-A72F-4A65-9AC3-20F8B487DF08}.Release R26|Any CPU.Build.0 = Release R26|Any CPU
		{22DC6FFB-A72F-4A65-9AC3-20F8B487DF08}.Release R26|x64.ActiveCfg = Release R26|Any CPU
		{22DC6FFB-A72F-4A65-9AC3-20F8B487DF08}.Release R26|x64.Build.0 = Release R26|Any CPU
		{22DC6FFB-A72F-4A65-9AC3-20F8B487DF08}.Release R26|x86.ActiveCfg = Release R26|Any CPU
		{22DC6FFB-A72F-4A65-9AC3-20F8B487DF08}.Release R26|x86.Build.0 = Release R26|Any CPU
		{22DC6FFB-A72F-4A65-9AC3-20F8B487DF08}.Release R27|Any CPU.ActiveCfg = Release R27|Any CPU
		{22DC6FFB-A72F-4A65-9AC3-20F8B487DF08}.Release R27|Any CPU.Build.0 = Release R27|Any CPU
		{22DC6FFB-A72F-4A65-9AC3-20F8B487DF08}.Release R27|x64.ActiveCfg = Release R27|Any CPU
		{22DC6FFB-A72F-4A65-9AC3-20F8B487DF08}.Release R27|x64.Build.0 = Release R27|Any CPU
		{22DC6FFB-A72F-4A65-9AC3-20F8B487DF08}.Release R27|x86.ActiveCfg = Release R27|Any CPU
		{22DC6FFB-A72F-4A65-9AC3-20F8B487DF08}.Release R27|x86.Build.0 = Release R27|Any CPU
		{22DC6FFB-A72F-4A65-9AC3-20F8B487DF08}.Release|Any CPU.ActiveCfg = Release R25|Any CPU
		{22DC6FFB-A72F-4A65-9AC3-20F8B487DF08}.Release|Any CPU.Build.0 = Release R25|Any CPU
		{22DC6FFB-A72F-4A65-9AC3-20F8B487DF08}.Release|x64.ActiveCfg = Release|Any CPU
		{22DC6FFB-A72F-4A65-9AC3-20F8B487DF08}.Release|x64.Build.0 = Release|Any CPU
		{22DC6FFB-A72F-4A65-9AC3-20F8B487DF08}.Release|x86.ActiveCfg = Release|Any CPU
		{22DC6FFB-A72F-4A65-9AC3-20F8B487DF08}.Release|x86.Build.0 = Release|Any CPU
		{0091D5A5-7E59-4FD1-9794-CAACABC71D53}.Debug R25|Any CPU.ActiveCfg = Debug R25|Any CPU
		{0091D5A5-7E59-4FD1-9794-CAACABC71D53}.Debug R25|Any CPU.Build.0 = Debug R25|Any CPU
		{0091D5A5-7E59-4FD1-9794-CAACABC71D53}.Debug R25|x64.ActiveCfg = Debug R25|Any CPU
		{0091D5A5-7E59-4FD1-9794-CAACABC71D53}.Debug R25|x64.Build.0 = Debug R25|Any CPU
		{0091D5A5-7E59-4FD1-9794-CAACABC71D53}.Debug R25|x86.ActiveCfg = Debug R25|Any CPU
		{0091D5A5-7E59-4FD1-9794-CAACABC71D53}.Debug R25|x86.Build.0 = Debug R25|Any CPU
		{0091D5A5-7E59-4FD1-9794-CAACABC71D53}.Debug R26|Any CPU.ActiveCfg = Debug R26|Any CPU
		{0091D5A5-7E59-4FD1-9794-CAACABC71D53}.Debug R26|Any CPU.Build.0 = Debug R26|Any CPU
		{0091D5A5-7E59-4FD1-9794-CAACABC71D53}.Debug R26|x64.ActiveCfg = Debug R26|Any CPU
		{0091D5A5-7E59-4FD1-9794-CAACABC71D53}.Debug R26|x64.Build.0 = Debug R26|Any CPU
		{0091D5A5-7E59-4FD1-9794-CAACABC71D53}.Debug R26|x86.ActiveCfg = Debug R26|Any CPU
		{0091D5A5-7E59-4FD1-9794-CAACABC71D53}.Debug R26|x86.Build.0 = Debug R26|Any CPU
		{0091D5A5-7E59-4FD1-9794-CAACABC71D53}.Debug R27|Any CPU.ActiveCfg = Debug R27|Any CPU
		{0091D5A5-7E59-4FD1-9794-CAACABC71D53}.Debug R27|Any CPU.Build.0 = Debug R27|Any CPU
		{0091D5A5-7E59-4FD1-9794-CAACABC71D53}.Debug R27|x64.ActiveCfg = Debug R27|Any CPU
		{0091D5A5-7E59-4FD1-9794-CAACABC71D53}.Debug R27|x64.Build.0 = Debug R27|Any CPU
		{0091D5A5-7E59-4FD1-9794-CAACABC71D53}.Debug R27|x86.ActiveCfg = Debug R27|Any CPU
		{0091D5A5-7E59-4FD1-9794-CAACABC71D53}.Debug R27|x86.Build.0 = Debug R27|Any CPU
		{0091D5A5-7E59-4FD1-9794-CAACABC71D53}.Debug|Any CPU.ActiveCfg = Debug R25|Any CPU
		{0091D5A5-7E59-4FD1-9794-CAACABC71D53}.Debug|Any CPU.Build.0 = Debug R25|Any CPU
		{0091D5A5-7E59-4FD1-9794-CAACABC71D53}.Debug|x64.ActiveCfg = Debug|Any CPU
		{0091D5A5-7E59-4FD1-9794-CAACABC71D53}.Debug|x64.Build.0 = Debug|Any CPU
		{0091D5A5-7E59-4FD1-9794-CAACABC71D53}.Debug|x86.ActiveCfg = Debug|Any CPU
		{0091D5A5-7E59-4FD1-9794-CAACABC71D53}.Debug|x86.Build.0 = Debug|Any CPU
		{0091D5A5-7E59-4FD1-9794-CAACABC71D53}.Release R25|Any CPU.ActiveCfg = Release R25|Any CPU
		{0091D5A5-7E59-4FD1-9794-CAACABC71D53}.Release R25|Any CPU.Build.0 = Release R25|Any CPU
		{0091D5A5-7E59-4FD1-9794-CAACABC71D53}.Release R25|x64.ActiveCfg = Release R25|Any CPU
		{0091D5A5-7E59-4FD1-9794-CAACABC71D53}.Release R25|x64.Build.0 = Release R25|Any CPU
		{0091D5A5-7E59-4FD1-9794-CAACABC71D53}.Release R25|x86.ActiveCfg = Release R25|Any CPU
		{0091D5A5-7E59-4FD1-9794-CAACABC71D53}.Release R25|x86.Build.0 = Release R25|Any CPU
		{0091D5A5-7E59-4FD1-9794-CAACABC71D53}.Release R26|Any CPU.ActiveCfg = Release R26|Any CPU
		{0091D5A5-7E59-4FD1-9794-CAACABC71D53}.Release R26|Any CPU.Build.0 = Release R26|Any CPU
		{0091D5A5-7E59-4FD1-9794-CAACABC71D53}.Release R26|x64.ActiveCfg = Release R26|Any CPU
		{0091D5A5-7E59-4FD1-9794-CAACABC71D53}.Release R26|x64.Build.0 = Release R26|Any CPU
		{0091D5A5-7E59-4FD1-9794-CAACABC71D53}.Release R26|x86.ActiveCfg = Release R26|Any CPU
		{0091D5A5-7E59-4FD1-9794-CAACABC71D53}.Release R26|x86.Build.0 = Release R26|Any CPU
		{0091D5A5-7E59-4FD1-9794-CAACABC71D53}.Release R27|Any CPU.ActiveCfg = Release R27|Any CPU
		{0091D5A5-7E59-4FD1-9794-CAACABC71D53}.Release R27|Any CPU.Build.0 = Release R27|Any CPU
		{0091D5A5-7E59-4FD1-9794-CAACABC71D53}.Release R27|x64.ActiveCfg = Release R27|Any CPU
		{0091D5A5-7E59-4FD1-9794-CAACABC71D53}.Release R27|x64.Build.0 = Release R27|Any CPU
		{0091D5A5-7E59-4FD1-9794-CAACABC71D53}.Release R27|x86.ActiveCfg = Release R27|Any CPU
		{0091D5A5-7E59-4FD1-9794-CAACABC71D53}.Release R27|x86.Build.0 = Release R27|Any CPU
		{0091D5A5-7E59-4FD1-9794-CAACABC71D53}.Release|Any CPU.ActiveCfg = Release R25|Any CPU
		{0091D5A5-7E59-4FD1-9794-CAACABC71D53}.Release|Any CPU.Build.0 = Release R25|Any CPU
		{0091D5A5-7E59-4FD1-9794-CAACABC71D53}.Release|x64.ActiveCfg = Release|Any CPU
		{0091D5A5-7E59-4FD1-9794-CAACABC71D53}.Release|x64.Build.0 = Release|Any CPU
		{0091D5A5-7E59-4FD1-9794-CAACABC71D53}.Release|x86.ActiveCfg = Release|Any CPU
		{0091D5A5-7E59-4FD1-9794-CAACABC71D53}.Release|x86.Build.0 = Release|Any CPU
	EndGlobalSection
	GlobalSection(SolutionProperties) = preSolution
		HideSolutionNode = FALSE
	EndGlobalSection
	GlobalSection(ExtensibilityGlobals) = postSolution
		SolutionGuid = {9CF0C768-8334-48D5-993F-23654760619C}
	EndGlobalSection
	GlobalSection(SharedMSBuildProjectFiles) = preSolution
		SharedData\SharedData.projitems*{0091d5a5-7e59-4fd1-9794-caacabc71d53}*SharedItemsImports = 5
		SharedData\SharedData.projitems*{1306e047-4577-4911-9864-128080703f27}*SharedItemsImports = 5
		SharedData\SharedData.projitems*{161c8dd2-a7a4-4262-9959-819f712e88d9}*SharedItemsImports = 5
		SharedData\SharedData.projitems*{1ed552dc-c81f-b5c2-8ca8-bf8bdc334b01}*SharedItemsImports = 5
		SharedData\SharedData.projitems*{22dc6ffb-a72f-4a65-9ac3-20f8b487df08}*SharedItemsImports = 5
		SharedData\SharedData.projitems*{9dfc2c50-aeb9-4324-bc9f-52006bd84037}*SharedItemsImports = 5
		SharedData\SharedData.projitems*{a72d5c2a-ebbc-497a-99a9-63297a30876b}*SharedItemsImports = 13
	EndGlobalSection
EndGlobal
